
Microsoft Visual Studio Solution File, Format Version 12.00
# Visual Studio Version 17
VisualStudioVersion = 17.8.34330.188
MinimumVisualStudioVersion = 10.0.40219.1
Project("{8BC9CEB8-8B4A-11D0-8D11-00A0C91BC942}") = "gta vc internal", "gta vc internal\gta vc internal.vcxproj", "{74CD74B4-84EA-4DE9-97E5-F822720B752B}"
EndProject
Global
	GlobalSection(SolutionConfigurationPlatforms) = preSolution
		Debug|x64 = Debug|x64
		Debug|x86 = Debug|x86
		Release|x64 = Release|x64
		Release|x86 = Release|x86
	EndGlobalSection
	GlobalSection(ProjectConfigurationPlatforms) = postSolution
		{74CD74B4-84EA-4DE9-97E5-F822720B752B}.Debug|x64.ActiveCfg = Debug|x64
		{74CD74B4-84EA-4DE9-97E5-F822720B752B}.Debug|x64.Build.0 = Debug|x64
		{74CD74B4-84EA-4DE9-97E5-F822720B752B}.Debug|x86.ActiveCfg = Debug|Win32
		{74CD74B4-84EA-4DE9-97E5-F822720B752B}.Debug|x86.Build.0 = Debug|Win32
		{74CD74B4-84EA-4DE9-97E5-F822720B752B}.Release|x64.ActiveCfg = Release|x64
		{74CD74B4-84EA-4DE9-97E5-F822720B752B}.Release|x64.Build.0 = Release|x64
		{74CD74B4-84EA-4DE9-97E5-F822720B752B}.Release|x86.ActiveCfg = Release|Win32
		{74CD74B4-84EA-4DE9-97E5-F822720B752B}.Release|x86.Build.0 = Release|Win32
	EndGlobalSection
	GlobalSection(SolutionProperties) = preSolution
		HideSolutionNode = FALSE
	EndGlobalSection
	GlobalSection(ExtensibilityGlobals) = postSolution
		SolutionGuid = {B40C53C0-96C1-4E92-96F2-F40084E1480C}
	EndGlobalSection
EndGlobal
