<?xml version="1.0" encoding="utf-8"?>
<Project ToolsVersion="4.0" xmlns="http://schemas.microsoft.com/developer/msbuild/2003">
  <ItemGroup>
    <Filter Include="Header Files">
      <UniqueIdentifier>{93995380-89BD-4b04-88EB-625FBE52EBFB}</UniqueIdentifier>
      <Extensions>h;hh;hpp;hxx;h++;hm;inl;inc;ipp;xsd</Extensions>
    </Filter>
    <Filter Include="Resource Files">
      <UniqueIdentifier>{67DA6AB6-F800-4c08-8B7A-83BB121AAD01}</UniqueIdentifier>
      <Extensions>rc;ico;cur;bmp;dlg;rc2;rct;bin;rgs;gif;jpg;jpeg;jpe;resx;tiff;tif;png;wav;mfcribbon-ms</Extensions>
    </Filter>
    <Filter Include="main">
      <UniqueIdentifier>{4ef73cf9-e582-4913-a3f0-30e4f40568a8}</UniqueIdentifier>
    </Filter>
    <Filter Include="main\all functions">
      <UniqueIdentifier>{756b592e-c940-4b76-afcc-e8858d479c98}</UniqueIdentifier>
    </Filter>
    <Filter Include="main\print display">
      <UniqueIdentifier>{7d7fff68-2d52-465e-b135-fd069f62a340}</UniqueIdentifier>
    </Filter>
    <Filter Include="main\Source Files">
      <UniqueIdentifier>{4FC737F1-C7A5-4376-A066-2A32D752A2FF}</UniqueIdentifier>
      <Extensions>cpp;c;cc;cxx;c++;cppm;ixx;def;odl;idl;hpj;bat;asm;asmx</Extensions>
    </Filter>
    <Filter Include="main\mem">
      <UniqueIdentifier>{4a42885c-d818-439c-a10a-c9257f0be7ea}</UniqueIdentifier>
    </Filter>
    <Filter Include="main\offsets">
      <UniqueIdentifier>{f03ece89-2223-4cad-b321-d3fa3db854c4}</UniqueIdentifier>
    </Filter>
  </ItemGroup>
  <ItemGroup>
    <ClCompile Include="dllmain.cpp">
      <Filter>main\Source Files</Filter>
    </ClCompile>
    <ClCompile Include="..\..\Assault Cube Internal\Assault Cube Internal\mem.cpp">
      <Filter>main\mem</Filter>
    </ClCompile>
    <ClCompile Include="functions.cpp">
      <Filter>main\all functions</Filter>
    </ClCompile>
    <ClCompile Include="printDisplay.cpp">
      <Filter>main\print display</Filter>
    </ClCompile>
  </ItemGroup>
  <ItemGroup>
    <ClInclude Include="mem.h">
      <Filter>main\mem</Filter>
    </ClInclude>
    <ClInclude Include="function.h">
      <Filter>main\all functions</Filter>
    </ClInclude>
    <ClInclude Include="printDisplay.h">
      <Filter>main\print display</Filter>
    </ClInclude>
    <ClInclude Include="offsets.h">
      <Filter>main\offsets</Filter>
    </ClInclude>
  </ItemGroup>
</Project>